
Microsoft Visual Studio Solution File, Format Version 12.00
# Visual Studio 14
VisualStudioVersion = 14.0.25420.1
MinimumVisualStudioVersion = 10.0.40219.1
Project("{FAE04EC0-301F-11D3-BF4B-00C04F79EFBC}") = "LogBook NextteamBr", "NextteamBr\LogBook NextteamBr.csproj", "{443789AE-E4C2-4CAC-9118-78BBA31BAC20}"
EndProject
Project("{FAE04EC0-301F-11D3-BF4B-00C04F79EFBC}") = "Ets2SdkClient", "Ets2SdkClient\Ets2SdkClient.csproj", "{21FB58CD-0B97-409F-AE61-CF8964E13F63}"
EndProject
Global
	GlobalSection(SolutionConfigurationPlatforms) = preSolution
		Debug|Any CPU = Debug|Any CPU
		Debug|x86 = Debug|x86
		Release|Any CPU = Release|Any CPU
		Release|x86 = Release|x86
	EndGlobalSection
	GlobalSection(ProjectConfigurationPlatforms) = postSolution
		{443789AE-E4C2-4CAC-9118-78BBA31BAC20}.Debug|Any CPU.ActiveCfg = Debug|Any CPU
		{443789AE-E4C2-4CAC-9118-78BBA31BAC20}.Debug|Any CPU.Build.0 = Debug|Any CPU
		{443789AE-E4C2-4CAC-9118-78BBA31BAC20}.Debug|x86.ActiveCfg = Debug|x86
		{443789AE-E4C2-4CAC-9118-78BBA31BAC20}.Debug|x86.Build.0 = Debug|x86
		{443789AE-E4C2-4CAC-9118-78BBA31BAC20}.Release|Any CPU.ActiveCfg = Release|Any CPU
		{443789AE-E4C2-4CAC-9118-78BBA31BAC20}.Release|Any CPU.Build.0 = Release|Any CPU
		{443789AE-E4C2-4CAC-9118-78BBA31BAC20}.Release|x86.ActiveCfg = Release|x86
		{443789AE-E4C2-4CAC-9118-78BBA31BAC20}.Release|x86.Build.0 = Release|x86
		{21FB58CD-0B97-409F-AE61-CF8964E13F63}.Debug|Any CPU.ActiveCfg = Debug|Any CPU
		{21FB58CD-0B97-409F-AE61-CF8964E13F63}.Debug|Any CPU.Build.0 = Debug|Any CPU
		{21FB58CD-0B97-409F-AE61-CF8964E13F63}.Debug|x86.ActiveCfg = Debug|Any CPU
		{21FB58CD-0B97-409F-AE61-CF8964E13F63}.Debug|x86.Build.0 = Debug|Any CPU
		{21FB58CD-0B97-409F-AE61-CF8964E13F63}.Release|Any CPU.ActiveCfg = Release|Any CPU
		{21FB58CD-0B97-409F-AE61-CF8964E13F63}.Release|Any CPU.Build.0 = Release|Any CPU
		{21FB58CD-0B97-409F-AE61-CF8964E13F63}.Release|x86.ActiveCfg = Release|Any CPU
		{21FB58CD-0B97-409F-AE61-CF8964E13F63}.Release|x86.Build.0 = Release|Any CPU
	EndGlobalSection
	GlobalSection(SolutionProperties) = preSolution
		HideSolutionNode = FALSE
	EndGlobalSection
EndGlobal
