
Microsoft Visual Studio Solution File, Format Version 11.00
# Visual Studio 2010
Project("{8BC9CEB8-8B4A-11D0-8D11-00A0C91BC942}") = "GXGMainSettings", "GXGMainSettings\GXGMainSettings.vcxproj", "{46A08D3C-8045-4628-90FA-2C2DC2013AB9}"
EndProject
Global
	GlobalSection(SolutionConfigurationPlatforms) = preSolution
		Debug|Win32 = Debug|Win32
		Release|Win32 = Release|Win32
	EndGlobalSection
	GlobalSection(ProjectConfigurationPlatforms) = postSolution
		{46A08D3C-8045-4628-90FA-2C2DC2013AB9}.Debug|Win32.ActiveCfg = Release|Win32
		{46A08D3C-8045-4628-90FA-2C2DC2013AB9}.Debug|Win32.Build.0 = Release|Win32
		{46A08D3C-8045-4628-90FA-2C2DC2013AB9}.Release|Win32.ActiveCfg = Release|Win32
		{46A08D3C-8045-4628-90FA-2C2DC2013AB9}.Release|Win32.Build.0 = Release|Win32
	EndGlobalSection
	GlobalSection(SolutionProperties) = preSolution
		HideSolutionNode = FALSE
	EndGlobalSection
EndGlobal
